
Microsoft Visual Studio Solution File, Format Version 12.00
# Visual Studio Version 16
VisualStudioVersion = 16.0.30413.136
MinimumVisualStudioVersion = 10.0.40219.1
Project("{9A19103F-16F7-4668-BE54-9A1E7A4F7556}") = "APS_6.Domain", "APS_6.Domain\APS_6.Domain.csproj", "{20308055-17F0-4CA7-A5FB-88351286FCC6}"
EndProject
Project("{9A19103F-16F7-4668-BE54-9A1E7A4F7556}") = "APS_6.Infra.Data.Sql", "APS_6.Infra.Data.Sql\APS_6.Infra.Data.Sql.csproj", "{79C00F39-070E-48A9-8CF7-DE34D6939505}"
EndProject
Project("{888888A0-9F3D-457C-B088-3A5042F75D52}") = "APS.FirgerprintRecognition", "APS.FirgerprintRecognition\APS.FirgerprintRecognition.pyproj", "{E72FE800-9B25-4FFB-B6CA-1C11F170C27E}"
EndProject
Project("{FAE04EC0-301F-11D3-BF4B-00C04F79EFBC}") = "APS.Client", "APS.ClientCore\APS.Client.csproj", "{FC511773-1DEC-412F-8CB0-E9D083F633A9}"
EndProject
Global
	GlobalSection(SolutionConfigurationPlatforms) = preSolution
		Debug|Any CPU = Debug|Any CPU
		Release|Any CPU = Release|Any CPU
	EndGlobalSection
	GlobalSection(ProjectConfigurationPlatforms) = postSolution
		{20308055-17F0-4CA7-A5FB-88351286FCC6}.Debug|Any CPU.ActiveCfg = Debug|Any CPU
		{20308055-17F0-4CA7-A5FB-88351286FCC6}.Debug|Any CPU.Build.0 = Debug|Any CPU
		{20308055-17F0-4CA7-A5FB-88351286FCC6}.Release|Any CPU.ActiveCfg = Release|Any CPU
		{20308055-17F0-4CA7-A5FB-88351286FCC6}.Release|Any CPU.Build.0 = Release|Any CPU
		{79C00F39-070E-48A9-8CF7-DE34D6939505}.Debug|Any CPU.ActiveCfg = Debug|Any CPU
		{79C00F39-070E-48A9-8CF7-DE34D6939505}.Debug|Any CPU.Build.0 = Debug|Any CPU
		{79C00F39-070E-48A9-8CF7-DE34D6939505}.Release|Any CPU.ActiveCfg = Release|Any CPU
		{79C00F39-070E-48A9-8CF7-DE34D6939505}.Release|Any CPU.Build.0 = Release|Any CPU
		{E72FE800-9B25-4FFB-B6CA-1C11F170C27E}.Debug|Any CPU.ActiveCfg = Debug|Any CPU
		{E72FE800-9B25-4FFB-B6CA-1C11F170C27E}.Release|Any CPU.ActiveCfg = Release|Any CPU
		{FC511773-1DEC-412F-8CB0-E9D083F633A9}.Debug|Any CPU.ActiveCfg = Debug|Any CPU
		{FC511773-1DEC-412F-8CB0-E9D083F633A9}.Debug|Any CPU.Build.0 = Debug|Any CPU
		{FC511773-1DEC-412F-8CB0-E9D083F633A9}.Release|Any CPU.ActiveCfg = Release|Any CPU
		{FC511773-1DEC-412F-8CB0-E9D083F633A9}.Release|Any CPU.Build.0 = Release|Any CPU
	EndGlobalSection
	GlobalSection(SolutionProperties) = preSolution
		HideSolutionNode = FALSE
	EndGlobalSection
	GlobalSection(ExtensibilityGlobals) = postSolution
		SolutionGuid = {1A061897-B274-48A9-A0A3-412FF121BC28}
	EndGlobalSection
EndGlobal
